
Microsoft Visual Studio Solution File, Format Version 12.00
# Visual Studio Version 16
VisualStudioVersion = 16.0.30804.86
MinimumVisualStudioVersion = 10.0.40219.1
Project("{FAE04EC0-301F-11D3-BF4B-00C04F79EFBC}") = "ReactApp", "ReactApp\ReactApp.csproj", "{2B04E660-FAE0-4873-8B1B-75B969C37C5C}"
EndProject
Global
	GlobalSection(SolutionConfigurationPlatforms) = preSolution
		Debug|Any CPU = Debug|Any CPU
		Release|Any CPU = Release|Any CPU
	EndGlobalSection
	GlobalSection(ProjectConfigurationPlatforms) = postSolution
		{2B04E660-FAE0-4873-8B1B-75B969C37C5C}.Debug|Any CPU.ActiveCfg = Debug|Any CPU
		{2B04E660-FAE0-4873-8B1B-75B969C37C5C}.Debug|Any CPU.Build.0 = Debug|Any CPU
		{2B04E660-FAE0-4873-8B1B-75B969C37C5C}.Release|Any CPU.ActiveCfg = Release|Any CPU
		{2B04E660-FAE0-4873-8B1B-75B969C37C5C}.Release|Any CPU.Build.0 = Release|Any CPU
	EndGlobalSection
	GlobalSection(SolutionProperties) = preSolution
		HideSolutionNode = FALSE
	EndGlobalSection
	GlobalSection(ExtensibilityGlobals) = postSolution
		SolutionGuid = {ED18C14F-BD1D-4659-9629-186630D0153C}
	EndGlobalSection
EndGlobal
